
Microsoft Visual Studio Solution File, Format Version 12.00
# Visual Studio Version 17
VisualStudioVersion = 17.13.35828.75 d17.13
MinimumVisualStudioVersion = 10.0.40219.1
Project("{FAE04EC0-301F-11D3-BF4B-00C04F79EFBC}") = "Calculator_Repo", "Calculator_Repo\Calculator_Repo.csproj", "{5426C70A-B204-40CC-A394-940333D031E8}"
EndProject
Global
	GlobalSection(SolutionConfigurationPlatforms) = preSolution
		Debug|Any CPU = Debug|Any CPU
		Release|Any CPU = Release|Any CPU
	EndGlobalSection
	GlobalSection(ProjectConfigurationPlatforms) = postSolution
		{5426C70A-B204-40CC-A394-940333D031E8}.Debug|Any CPU.ActiveCfg = Debug|Any CPU
		{5426C70A-B204-40CC-A394-940333D031E8}.Debug|Any CPU.Build.0 = Debug|Any CPU
		{5426C70A-B204-40CC-A394-940333D031E8}.Release|Any CPU.ActiveCfg = Release|Any CPU
		{5426C70A-B204-40CC-A394-940333D031E8}.Release|Any CPU.Build.0 = Release|Any CPU
	EndGlobalSection
	GlobalSection(SolutionProperties) = preSolution
		HideSolutionNode = FALSE
	EndGlobalSection
	GlobalSection(ExtensibilityGlobals) = postSolution
		SolutionGuid = {F7F563FE-A88A-46BB-9023-2EE0BE09DD67}
	EndGlobalSection
EndGlobal
